
Microsoft Visual Studio Solution File, Format Version 12.00
# Visual Studio Version 16
VisualStudioVersion = 16.0.30309.148
MinimumVisualStudioVersion = 10.0.40219.1
Project("{9A19103F-16F7-4668-BE54-9A1E7A4F7556}") = "Fizz.SalesOrder", "Fizz.SalesOrder\Fizz.SalesOrder.csproj", "{91022AA1-F31C-44F1-B8D9-21717AB1FE75}"
EndProject
Project("{FAE04EC0-301F-11D3-BF4B-00C04F79EFBC}") = "Test", "XUnitTestProject1\Test.csproj", "{8E5151B8-63A1-4344-9E7E-C6E865E48E66}"
EndProject
Global
	GlobalSection(SolutionConfigurationPlatforms) = preSolution
		Debug|Any CPU = Debug|Any CPU
		Release|Any CPU = Release|Any CPU
	EndGlobalSection
	GlobalSection(ProjectConfigurationPlatforms) = postSolution
		{91022AA1-F31C-44F1-B8D9-21717AB1FE75}.Debug|Any CPU.ActiveCfg = Debug|Any CPU
		{91022AA1-F31C-44F1-B8D9-21717AB1FE75}.Debug|Any CPU.Build.0 = Debug|Any CPU
		{91022AA1-F31C-44F1-B8D9-21717AB1FE75}.Release|Any CPU.ActiveCfg = Release|Any CPU
		{91022AA1-F31C-44F1-B8D9-21717AB1FE75}.Release|Any CPU.Build.0 = Release|Any CPU
		{8E5151B8-63A1-4344-9E7E-C6E865E48E66}.Debug|Any CPU.ActiveCfg = Debug|Any CPU
		{8E5151B8-63A1-4344-9E7E-C6E865E48E66}.Debug|Any CPU.Build.0 = Debug|Any CPU
		{8E5151B8-63A1-4344-9E7E-C6E865E48E66}.Release|Any CPU.ActiveCfg = Release|Any CPU
		{8E5151B8-63A1-4344-9E7E-C6E865E48E66}.Release|Any CPU.Build.0 = Release|Any CPU
	EndGlobalSection
	GlobalSection(SolutionProperties) = preSolution
		HideSolutionNode = FALSE
	EndGlobalSection
	GlobalSection(ExtensibilityGlobals) = postSolution
		SolutionGuid = {6B8987B2-72BD-404C-B281-C0C4A68CCEFF}
	EndGlobalSection
EndGlobal
